github.com/cristalhq/natsort v0.1.1 h1:UlPHSkP+Tx2f0wgoZS3N3U29nO3NF7lHvhEKuQr8LpY=
github.com/cristalhq/natsort v0.1.1/go.mod h1:cGdtrXl4O1ycmnwdnSBWgmTzZ9WP4i8ca2LH/QupN0Y=
github.com/dangogh/naturally v0.1.1 h1:q9j9n4Ij/cjZv7MOUj+871HTrCJE3ZJeoJrw5CjPrC0=
github.com/dangogh/naturally v0.1.1/go.mod h1:pmGmUAFR+GoKRXHpf/K5Hs2JP0o8oatc3t0NeVjrf8U=
github.com/evie404/natsort v0.0.0-20180124032556-f194e6bd5b0c h1:DNvN+Lov05ao9/haEzCTzJDfIHL/F4E3DBsDUMnjpYs=
github.com/evie404/natsort v0.0.0-20180124032556-f194e6bd5b0c/go.mod h1:+D05cmtvIC2Mc7z7x+AM82AAbaaBlUI9fMHJomz77qI=
github.com/facette/natsort v0.0.0-20181210072756-2cd4dd1e2dcb h1:IT4JYU7k4ikYg1SCxNI1/Tieq/NFvh6dzLdgi7eu0tM=
github.com/facette/natsort v0.0.0-20181210072756-2cd4dd1e2dcb/go.mod h1:bH6Xx7IW64qjjJq8M2u4dxNaBiDfKK+z/3eGDpXEQhc=
github.com/gopherjs/gopherjs v1.17.2 h1:fQnZVsXk8uxXIStYb0N4bGk7jeyTalG/wsZjQ25dO0g=
github.com/immortal/natcasesort v0.0.0-20180922190600-53ad4be8bc1a h1:xGCNWvZqUk/9l1ytDVzZHLAadyrB6My8AoG6ksxWbDU=
github.com/immortal/natcasesort v0.0.0-20180922190600-53ad4be8bc1a/go.mod h1:wrlf+Cc7o4fqKniC+4ebBmr6sJ8eeOjx5588f/4RgIU=
github.com/jtolds/gls v4.20.0+incompatible h1:xdiiI2gbIgH/gLH7ADydsJ1uDOEzR8yvV7C0MuV77Wo=
github.com/maruel/natural v1.1.0 h1:2z1NgP/Vae+gYrtC0VuvrTJ6U35OuyUqDdfluLqMWuQ=
github.com/maruel/natural v1.1.0/go.mod h1:eFVhYCcUOfZFxXoDZam8Ktya72wa79fNC3lc/leA0DQ=
github.com/miraclesu/natsort v0.0.0-20160121124727-836e59d384de h1:ZTLp5p4MzSKh9Is0s+l/J7qQiY4c3yKA98J5z1qcyv0=
github.com/miraclesu/natsort v0.0.0-20160121124727-836e59d384de/go.mod h1:hYCDR4MVndk4vkatvVgNzw27cfxJH+fLFSMFdjdMXmQ=
github.com/smartystreets/assertions v1.13.1 h1:Ef7KhSmjZcK6AVf9YbJdvPYG9avaF0ZxudX+ThRdWfU=
github.com/smartystreets/goconvey v1.8.0 h1:Oi49ha/2MURE0WexF052Z0m+BNSGirfjg5RL+JXWq3w=
github.com/smartystreets/goconvey v1.8.0/go.mod h1:EdX8jtrTIj26jmjCOVNMVSIYAtgexqXKHOXW2Dx9JLg=
